
Microsoft Visual Studio Solution File, Format Version 12.00
# Visual Studio Version 16
VisualStudioVersion = 16.0.31220.234
MinimumVisualStudioVersion = 10.0.40219.1
Project("{9A19103F-16F7-4668-BE54-9A1E7A4F7556}") = "ipk-l2l3-scan", "ipk-l2l3-scan.csproj", "{BF87A3FF-10EE-4834-BCE4-9E099C3B3DB9}"
EndProject
Global
	GlobalSection(SolutionConfigurationPlatforms) = preSolution
		Debug|Any CPU = Debug|Any CPU
		Release|Any CPU = Release|Any CPU
	EndGlobalSection
	GlobalSection(ProjectConfigurationPlatforms) = postSolution
		{BF87A3FF-10EE-4834-BCE4-9E099C3B3DB9}.Debug|Any CPU.ActiveCfg = Debug|Any CPU
		{BF87A3FF-10EE-4834-BCE4-9E099C3B3DB9}.Debug|Any CPU.Build.0 = Debug|Any CPU
		{BF87A3FF-10EE-4834-BCE4-9E099C3B3DB9}.Release|Any CPU.ActiveCfg = Release|Any CPU
		{BF87A3FF-10EE-4834-BCE4-9E099C3B3DB9}.Release|Any CPU.Build.0 = Release|Any CPU
	EndGlobalSection
	GlobalSection(SolutionProperties) = preSolution
		HideSolutionNode = FALSE
	EndGlobalSection
	GlobalSection(ExtensibilityGlobals) = postSolution
		SolutionGuid = {F94E7886-1DCF-4F58-AB28-9011014F4657}
	EndGlobalSection
EndGlobal
